
Microsoft Visual Studio Solution File, Format Version 12.00
# Visual Studio Version 17
VisualStudioVersion = 17.13.35825.156
MinimumVisualStudioVersion = 10.0.40219.1
Project("{FAE04EC0-301F-11D3-BF4B-00C04F79EFBC}") = "CRUDTest", "CRUDTest\CRUDTest.csproj", "{5C0EC1C9-B3FE-4990-BBA5-BC407210550F}"
EndProject
Global
	GlobalSection(SolutionConfigurationPlatforms) = preSolution
		Debug|Any CPU = Debug|Any CPU
		Release|Any CPU = Release|Any CPU
	EndGlobalSection
	GlobalSection(ProjectConfigurationPlatforms) = postSolution
		{5C0EC1C9-B3FE-4990-BBA5-BC407210550F}.Debug|Any CPU.ActiveCfg = Debug|Any CPU
		{5C0EC1C9-B3FE-4990-BBA5-BC407210550F}.Debug|Any CPU.Build.0 = Debug|Any CPU
		{5C0EC1C9-B3FE-4990-BBA5-BC407210550F}.Release|Any CPU.ActiveCfg = Release|Any CPU
		{5C0EC1C9-B3FE-4990-BBA5-BC407210550F}.Release|Any CPU.Build.0 = Release|Any CPU
	EndGlobalSection
	GlobalSection(SolutionProperties) = preSolution
		HideSolutionNode = FALSE
	EndGlobalSection
	GlobalSection(ExtensibilityGlobals) = postSolution
		SolutionGuid = {BE09CF90-2E5F-4580-B434-93CB39FFBB09}
	EndGlobalSection
EndGlobal
